<?xml version="1.0" encoding="utf-8"?>
<Project ToolsVersion="4.0" xmlns="http://schemas.microsoft.com/developer/msbuild/2003">
  <ItemGroup>
    <Filter Include="Source Files">
      <UniqueIdentifier>{4FC737F1-C7A5-4376-A066-2A32D752A2FF}</UniqueIdentifier>
      <Extensions>cpp;c;cc;cxx;def;odl;idl;hpj;bat;asm;asmx</Extensions>
    </Filter>
    <Filter Include="Header Files">
      <UniqueIdentifier>{93995380-89BD-4b04-88EB-625FBE52EBFB}</UniqueIdentifier>
      <Extensions>h;hpp;hxx;hm;inl;inc;xsd</Extensions>
    </Filter>
    <Filter Include="Resource Files">
      <UniqueIdentifier>{67DA6AB6-F800-4c08-8B7A-83BB121AAD01}</UniqueIdentifier>
      <Extensions>rc;ico;cur;bmp;dlg;rc2;rct;bin;rgs;gif;jpg;jpeg;jpe;resx;tiff;tif;png;wav;mfcribbon-ms</Extensions>
    </Filter>
    <Filter Include="Driver Files">
      <UniqueIdentifier>{8E41214B-6785-4CFE-B992-037D68949A14}</UniqueIdentifier>
      <Extensions>inf;inv;inx;mof;mc;</Extensions>
    </Filter>
  </ItemGroup>
  <ItemGroup>
    <ClInclude Include="Driver.h">
      <Filter>Header Files</Filter>
    </ClInclude>
    <ClInclude Include="Public.h">
      <Filter>Header Files</Filter>
    </ClInclude>
    <ClInclude Include="Trace.h">
      <Filter>Header Files</Filter>
    </ClInclude>
    <ClInclude Include="WdfWorkitem.h">
      <Filter>Header Files</Filter>
    </ClInclude>
    <ClInclude Include="Alloc.h">
      <Filter>Header Files</Filter>
    </ClInclude>
    <ClInclude Include="DeviceAccess.h">
      <Filter>Header Files</Filter>
    </ClInclude>
    <ClInclude Include="MemoryBuffer.h">
      <Filter>Header Files</Filter>
    </ClInclude>
    <ClInclude Include="Irp.h">
      <Filter>Header Files</Filter>
    </ClInclude>
    <ClInclude Include="RegText.h">
      <Filter>Header Files</Filter>
    </ClInclude>
    <ClInclude Include="ControlDevice.h">
      <Filter>Header Files</Filter>
    </ClInclude>
    <ClInclude Include="WdfDevice.h">
      <Filter>Header Files</Filter>
    </ClInclude>
    <ClInclude Include="UsbDkUtil.h">
      <Filter>Header Files</Filter>
    </ClInclude>
    <ClInclude Include="FilterDevice.h">
      <Filter>Header Files</Filter>
    </ClInclude>
    <ClInclude Include="UsbDkData.h">
      <Filter>Header Files</Filter>
    </ClInclude>
    <ClInclude Include="WdfRequest.h">
      <Filter>Header Files</Filter>
    </ClInclude>
    <ClInclude Include="UsbDkNames.h">
      <Filter>Header Files</Filter>
    </ClInclude>
    <ClInclude Include="RedirectorStrategy.h">
      <Filter>Header Files</Filter>
    </ClInclude>
    <ClInclude Include="FilterStrategy.h">
      <Filter>Header Files</Filter>
    </ClInclude>
    <ClInclude Include="UsbTarget.h">
      <Filter>Header Files</Filter>
    </ClInclude>
    <ClInclude Include="stdafx.h">
      <Filter>Header Files</Filter>
    </ClInclude>
    <ClInclude Include="UsbDkCompat.h">
      <Filter>Header Files</Filter>
    </ClInclude>
    <ClInclude Include="Urb.h">
      <Filter>Header Files</Filter>
    </ClInclude>
    <ClInclude Include="resource.h">
      <Filter>Header Files</Filter>
    </ClInclude>
    <ClInclude Include="HiderDevice.h">
      <Filter>Header Files</Filter>
    </ClInclude>
    <ClInclude Include="UsbDkDataHider.h">
      <Filter>Header Files</Filter>
    </ClInclude>
    <ClInclude Include="Registry.h">
      <Filter>Header Files</Filter>
    </ClInclude>
    <ClInclude Include="HideRulesRegPublic.h">
      <Filter>Header Files</Filter>
    </ClInclude>
    <ClInclude Include="HiderStrategy.h">
      <Filter>Header Files</Filter>
    </ClInclude>
  </ItemGroup>
  <ItemGroup>
    <ClCompile Include="Driver.cpp">
      <Filter>Source Files</Filter>
    </ClCompile>
    <ClCompile Include="WdfWorkitem.cpp">
      <Filter>Source Files</Filter>
    </ClCompile>
    <ClCompile Include="DeviceAccess.cpp">
      <Filter>Source Files</Filter>
    </ClCompile>
    <ClCompile Include="MemoryBuffer.cpp">
      <Filter>Source Files</Filter>
    </ClCompile>
    <ClCompile Include="Irp.cpp">
      <Filter>Source Files</Filter>
    </ClCompile>
    <ClCompile Include="RegText.cpp">
      <Filter>Source Files</Filter>
    </ClCompile>
    <ClCompile Include="ControlDevice.cpp">
      <Filter>Source Files</Filter>
    </ClCompile>
    <ClCompile Include="WdfDevice.cpp">
      <Filter>Source Files</Filter>
    </ClCompile>
    <ClCompile Include="FilterDevice.cpp">
      <Filter>Source Files</Filter>
    </ClCompile>
    <ClCompile Include="UsbDkUtil.cpp">
      <Filter>Source Files</Filter>
    </ClCompile>
    <ClCompile Include="RedirectorStrategy.cpp">
      <Filter>Source Files</Filter>
    </ClCompile>
    <ClCompile Include="FilterStrategy.cpp">
      <Filter>Source Files</Filter>
    </ClCompile>
    <ClCompile Include="UsbTarget.cpp">
      <Filter>Source Files</Filter>
    </ClCompile>
    <ClCompile Include="WdfRequest.cpp">
      <Filter>Source Files</Filter>
    </ClCompile>
    <ClCompile Include="UsbDkCompat.cpp">
      <Filter>Source Files</Filter>
    </ClCompile>
    <ClCompile Include="Urb.cpp">
      <Filter>Source Files</Filter>
    </ClCompile>
    <ClCompile Include="HiderDevice.cpp">
      <Filter>Source Files</Filter>
    </ClCompile>
    <ClCompile Include="Registry.cpp">
      <Filter>Source Files</Filter>
    </ClCompile>
    <ClCompile Include="stdafx.cpp">
      <Filter>Source Files</Filter>
    </ClCompile>
    <ClCompile Include="HiderStrategy.cpp">
      <Filter>Source Files</Filter>
    </ClCompile>
  </ItemGroup>
  <ItemGroup>
    <ResourceCompile Include="Resource.rc">
      <Filter>Resource Files</Filter>
    </ResourceCompile>
  </ItemGroup>
</Project>