
Microsoft Visual Studio Solution File, Format Version 12.00
# Visual Studio 2013
VisualStudioVersion = 12.0.30110.0
MinimumVisualStudioVersion = 10.0.40219.1
Project("{8BC9CEB8-8B4A-11D0-8D11-00A0C91BC942}") = "UsbDk", "UsbDk\UsbDk.vcxproj", "{2008215F-40FE-4383-9C98-C46BF8D8C87C}"
EndProject
Project("{8BC9CEB8-8B4A-11D0-8D11-00A0C91BC942}") = "UsbDk Package", "UsbDk Package\UsbDk Package.vcxproj", "{DA9CA0D6-B38B-4C26-B6B4-C999C09CB6BD}"
	ProjectSection(ProjectDependencies) = postProject
		{2008215F-40FE-4383-9C98-C46BF8D8C87C} = {2008215F-40FE-4383-9C98-C46BF8D8C87C}
	EndProjectSection
EndProject
Project("{8BC9CEB8-8B4A-11D0-8D11-00A0C91BC942}") = "UsbDkHelper", "UsbDkHelper\UsbDkHelper.vcxproj", "{30450FDC-051A-46F0-AD53-B10622834C30}"
EndProject
Project("{8BC9CEB8-8B4A-11D0-8D11-00A0C91BC942}") = "UsbDkController", "UsbDkController\UsbDkController.vcxproj", "{9141406D-BBAA-48E1-96D1-33D3294B247E}"
	ProjectSection(ProjectDependencies) = postProject
		{30450FDC-051A-46F0-AD53-B10622834C30} = {30450FDC-051A-46F0-AD53-B10622834C30}
	EndProjectSection
EndProject
Project("{2150E333-8FDC-42A3-9474-1A3956D46DE8}") = "Solution Items", "Solution Items", "{32B6DBE0-42AC-41FB-B9AC-A46C306EF1E2}"
	ProjectSection(SolutionItems) = preProject
		ARCHITECTURE = ARCHITECTURE
		UsbDkHelper\LICENSE = UsbDkHelper\LICENSE
		UsbDkHelper\UsbDk.inf = UsbDkHelper\UsbDk.inf
		UsbDkHelper\UsbDk_XP.inf = UsbDkHelper\UsbDk_XP.inf
	EndProjectSection
EndProject
Global
	GlobalSection(SolutionConfigurationPlatforms) = preSolution
		Win7 Debug|Win32 = Win7 Debug|Win32
		Win7 Debug|x64 = Win7 Debug|x64
		Win7 Release|Win32 = Win7 Release|Win32
		Win7 Release|x64 = Win7 Release|x64
		Win8 Debug|Win32 = Win8 Debug|Win32
		Win8 Debug|x64 = Win8 Debug|x64
		Win8 Release|Win32 = Win8 Release|Win32
		Win8 Release|x64 = Win8 Release|x64
		Win8.1 Debug|Win32 = Win8.1 Debug|Win32
		Win8.1 Debug|x64 = Win8.1 Debug|x64
		Win8.1 Release|Win32 = Win8.1 Release|Win32
		Win8.1 Release|x64 = Win8.1 Release|x64
		XP Debug|Win32 = XP Debug|Win32
		XP Debug|x64 = XP Debug|x64
		XP Release|Win32 = XP Release|Win32
		XP Release|x64 = XP Release|x64
	EndGlobalSection
	GlobalSection(ProjectConfigurationPlatforms) = postSolution
		{2008215F-40FE-4383-9C98-C46BF8D8C87C}.Win7 Debug|Win32.ActiveCfg = Win7 Debug|Win32
		{2008215F-40FE-4383-9C98-C46BF8D8C87C}.Win7 Debug|Win32.Build.0 = Win7 Debug|Win32
		{2008215F-40FE-4383-9C98-C46BF8D8C87C}.Win7 Debug|Win32.Deploy.0 = Win7 Debug|Win32
		{2008215F-40FE-4383-9C98-C46BF8D8C87C}.Win7 Debug|x64.ActiveCfg = Win7 Debug|x64
		{2008215F-40FE-4383-9C98-C46BF8D8C87C}.Win7 Debug|x64.Build.0 = Win7 Debug|x64
		{2008215F-40FE-4383-9C98-C46BF8D8C87C}.Win7 Debug|x64.Deploy.0 = Win7 Debug|x64
		{2008215F-40FE-4383-9C98-C46BF8D8C87C}.Win7 Release|Win32.ActiveCfg = Win7 Release|Win32
		{2008215F-40FE-4383-9C98-C46BF8D8C87C}.Win7 Release|Win32.Build.0 = Win7 Release|Win32
		{2008215F-40FE-4383-9C98-C46BF8D8C87C}.Win7 Release|Win32.Deploy.0 = Win7 Release|Win32
		{2008215F-40FE-4383-9C98-C46BF8D8C87C}.Win7 Release|x64.ActiveCfg = Win7 Release|x64
		{2008215F-40FE-4383-9C98-C46BF8D8C87C}.Win7 Release|x64.Build.0 = Win7 Release|x64
		{2008215F-40FE-4383-9C98-C46BF8D8C87C}.Win7 Release|x64.Deploy.0 = Win7 Release|x64
		{2008215F-40FE-4383-9C98-C46BF8D8C87C}.Win8 Debug|Win32.ActiveCfg = Win8 Debug|Win32
		{2008215F-40FE-4383-9C98-C46BF8D8C87C}.Win8 Debug|Win32.Build.0 = Win8 Debug|Win32
		{2008215F-40FE-4383-9C98-C46BF8D8C87C}.Win8 Debug|Win32.Deploy.0 = Win8 Debug|Win32
		{2008215F-40FE-4383-9C98-C46BF8D8C87C}.Win8 Debug|x64.ActiveCfg = Win8 Debug|x64
		{2008215F-40FE-4383-9C98-C46BF8D8C87C}.Win8 Debug|x64.Build.0 = Win8 Debug|x64
		{2008215F-40FE-4383-9C98-C46BF8D8C87C}.Win8 Debug|x64.Deploy.0 = Win8 Debug|x64
		{2008215F-40FE-4383-9C98-C46BF8D8C87C}.Win8 Release|Win32.ActiveCfg = Win8 Release|Win32
		{2008215F-40FE-4383-9C98-C46BF8D8C87C}.Win8 Release|Win32.Build.0 = Win8 Release|Win32
		{2008215F-40FE-4383-9C98-C46BF8D8C87C}.Win8 Release|Win32.Deploy.0 = Win8 Release|Win32
		{2008215F-40FE-4383-9C98-C46BF8D8C87C}.Win8 Release|x64.ActiveCfg = Win8 Release|x64
		{2008215F-40FE-4383-9C98-C46BF8D8C87C}.Win8 Release|x64.Build.0 = Win8 Release|x64
		{2008215F-40FE-4383-9C98-C46BF8D8C87C}.Win8 Release|x64.Deploy.0 = Win8 Release|x64
		{2008215F-40FE-4383-9C98-C46BF8D8C87C}.Win8.1 Debug|Win32.ActiveCfg = Win8.1 Debug|Win32
		{2008215F-40FE-4383-9C98-C46BF8D8C87C}.Win8.1 Debug|Win32.Build.0 = Win8.1 Debug|Win32
		{2008215F-40FE-4383-9C98-C46BF8D8C87C}.Win8.1 Debug|Win32.Deploy.0 = Win8.1 Debug|Win32
		{2008215F-40FE-4383-9C98-C46BF8D8C87C}.Win8.1 Debug|x64.ActiveCfg = Win8.1 Debug|x64
		{2008215F-40FE-4383-9C98-C46BF8D8C87C}.Win8.1 Debug|x64.Build.0 = Win8.1 Debug|x64
		{2008215F-40FE-4383-9C98-C46BF8D8C87C}.Win8.1 Debug|x64.Deploy.0 = Win8.1 Debug|x64
		{2008215F-40FE-4383-9C98-C46BF8D8C87C}.Win8.1 Release|Win32.ActiveCfg = Win8.1 Release|Win32
		{2008215F-40FE-4383-9C98-C46BF8D8C87C}.Win8.1 Release|Win32.Build.0 = Win8.1 Release|Win32
		{2008215F-40FE-4383-9C98-C46BF8D8C87C}.Win8.1 Release|Win32.Deploy.0 = Win8.1 Release|Win32
		{2008215F-40FE-4383-9C98-C46BF8D8C87C}.Win8.1 Release|x64.ActiveCfg = Win8.1 Release|x64
		{2008215F-40FE-4383-9C98-C46BF8D8C87C}.Win8.1 Release|x64.Build.0 = Win8.1 Release|x64
		{2008215F-40FE-4383-9C98-C46BF8D8C87C}.Win8.1 Release|x64.Deploy.0 = Win8.1 Release|x64
		{2008215F-40FE-4383-9C98-C46BF8D8C87C}.XP Debug|Win32.ActiveCfg = XP Debug|Win32
		{2008215F-40FE-4383-9C98-C46BF8D8C87C}.XP Debug|Win32.Build.0 = XP Debug|Win32
		{2008215F-40FE-4383-9C98-C46BF8D8C87C}.XP Debug|Win32.Deploy.0 = XP Debug|Win32
		{2008215F-40FE-4383-9C98-C46BF8D8C87C}.XP Debug|x64.ActiveCfg = XP Debug|x64
		{2008215F-40FE-4383-9C98-C46BF8D8C87C}.XP Debug|x64.Build.0 = XP Debug|x64
		{2008215F-40FE-4383-9C98-C46BF8D8C87C}.XP Debug|x64.Deploy.0 = XP Debug|x64
		{2008215F-40FE-4383-9C98-C46BF8D8C87C}.XP Release|Win32.ActiveCfg = XP Release|Win32
		{2008215F-40FE-4383-9C98-C46BF8D8C87C}.XP Release|Win32.Build.0 = XP Release|Win32
		{2008215F-40FE-4383-9C98-C46BF8D8C87C}.XP Release|Win32.Deploy.0 = XP Release|Win32
		{2008215F-40FE-4383-9C98-C46BF8D8C87C}.XP Release|x64.ActiveCfg = XP Release|x64
		{2008215F-40FE-4383-9C98-C46BF8D8C87C}.XP Release|x64.Build.0 = XP Release|x64
		{2008215F-40FE-4383-9C98-C46BF8D8C87C}.XP Release|x64.Deploy.0 = XP Release|x64
		{DA9CA0D6-B38B-4C26-B6B4-C999C09CB6BD}.Win7 Debug|Win32.ActiveCfg = Win7 Debug|Win32
		{DA9CA0D6-B38B-4C26-B6B4-C999C09CB6BD}.Win7 Debug|Win32.Build.0 = Win7 Debug|Win32
		{DA9CA0D6-B38B-4C26-B6B4-C999C09CB6BD}.Win7 Debug|Win32.Deploy.0 = Win7 Debug|Win32
		{DA9CA0D6-B38B-4C26-B6B4-C999C09CB6BD}.Win7 Debug|x64.ActiveCfg = Win7 Debug|x64
		{DA9CA0D6-B38B-4C26-B6B4-C999C09CB6BD}.Win7 Debug|x64.Build.0 = Win7 Debug|x64
		{DA9CA0D6-B38B-4C26-B6B4-C999C09CB6BD}.Win7 Debug|x64.Deploy.0 = Win7 Debug|x64
		{DA9CA0D6-B38B-4C26-B6B4-C999C09CB6BD}.Win7 Release|Win32.ActiveCfg = Win7 Release|Win32
		{DA9CA0D6-B38B-4C26-B6B4-C999C09CB6BD}.Win7 Release|Win32.Build.0 = Win7 Release|Win32
		{DA9CA0D6-B38B-4C26-B6B4-C999C09CB6BD}.Win7 Release|Win32.Deploy.0 = Win7 Release|Win32
		{DA9CA0D6-B38B-4C26-B6B4-C999C09CB6BD}.Win7 Release|x64.ActiveCfg = Win7 Release|x64
		{DA9CA0D6-B38B-4C26-B6B4-C999C09CB6BD}.Win7 Release|x64.Build.0 = Win7 Release|x64
		{DA9CA0D6-B38B-4C26-B6B4-C999C09CB6BD}.Win7 Release|x64.Deploy.0 = Win7 Release|x64
		{DA9CA0D6-B38B-4C26-B6B4-C999C09CB6BD}.Win8 Debug|Win32.ActiveCfg = Win8 Debug|Win32
		{DA9CA0D6-B38B-4C26-B6B4-C999C09CB6BD}.Win8 Debug|Win32.Build.0 = Win8 Debug|Win32
		{DA9CA0D6-B38B-4C26-B6B4-C999C09CB6BD}.Win8 Debug|Win32.Deploy.0 = Win8 Debug|Win32
		{DA9CA0D6-B38B-4C26-B6B4-C999C09CB6BD}.Win8 Debug|x64.ActiveCfg = Win8 Debug|x64
		{DA9CA0D6-B38B-4C26-B6B4-C999C09CB6BD}.Win8 Debug|x64.Build.0 = Win8 Debug|x64
		{DA9CA0D6-B38B-4C26-B6B4-C999C09CB6BD}.Win8 Debug|x64.Deploy.0 = Win8 Debug|x64
		{DA9CA0D6-B38B-4C26-B6B4-C999C09CB6BD}.Win8 Release|Win32.ActiveCfg = Win8 Release|Win32
		{DA9CA0D6-B38B-4C26-B6B4-C999C09CB6BD}.Win8 Release|Win32.Build.0 = Win8 Release|Win32
		{DA9CA0D6-B38B-4C26-B6B4-C999C09CB6BD}.Win8 Release|Win32.Deploy.0 = Win8 Release|Win32
		{DA9CA0D6-B38B-4C26-B6B4-C999C09CB6BD}.Win8 Release|x64.ActiveCfg = Win8 Release|x64
		{DA9CA0D6-B38B-4C26-B6B4-C999C09CB6BD}.Win8 Release|x64.Build.0 = Win8 Release|x64
		{DA9CA0D6-B38B-4C26-B6B4-C999C09CB6BD}.Win8 Release|x64.Deploy.0 = Win8 Release|x64
		{DA9CA0D6-B38B-4C26-B6B4-C999C09CB6BD}.Win8.1 Debug|Win32.ActiveCfg = Win8.1 Debug|Win32
		{DA9CA0D6-B38B-4C26-B6B4-C999C09CB6BD}.Win8.1 Debug|Win32.Build.0 = Win8.1 Debug|Win32
		{DA9CA0D6-B38B-4C26-B6B4-C999C09CB6BD}.Win8.1 Debug|Win32.Deploy.0 = Win8.1 Debug|Win32
		{DA9CA0D6-B38B-4C26-B6B4-C999C09CB6BD}.Win8.1 Debug|x64.ActiveCfg = Win8.1 Debug|x64
		{DA9CA0D6-B38B-4C26-B6B4-C999C09CB6BD}.Win8.1 Debug|x64.Build.0 = Win8.1 Debug|x64
		{DA9CA0D6-B38B-4C26-B6B4-C999C09CB6BD}.Win8.1 Debug|x64.Deploy.0 = Win8.1 Debug|x64
		{DA9CA0D6-B38B-4C26-B6B4-C999C09CB6BD}.Win8.1 Release|Win32.ActiveCfg = Win8.1 Release|Win32
		{DA9CA0D6-B38B-4C26-B6B4-C999C09CB6BD}.Win8.1 Release|Win32.Build.0 = Win8.1 Release|Win32
		{DA9CA0D6-B38B-4C26-B6B4-C999C09CB6BD}.Win8.1 Release|Win32.Deploy.0 = Win8.1 Release|Win32
		{DA9CA0D6-B38B-4C26-B6B4-C999C09CB6BD}.Win8.1 Release|x64.ActiveCfg = Win8.1 Release|x64
		{DA9CA0D6-B38B-4C26-B6B4-C999C09CB6BD}.Win8.1 Release|x64.Build.0 = Win8.1 Release|x64
		{DA9CA0D6-B38B-4C26-B6B4-C999C09CB6BD}.Win8.1 Release|x64.Deploy.0 = Win8.1 Release|x64
		{DA9CA0D6-B38B-4C26-B6B4-C999C09CB6BD}.XP Debug|Win32.ActiveCfg = XP Debug|Win32
		{DA9CA0D6-B38B-4C26-B6B4-C999C09CB6BD}.XP Debug|Win32.Build.0 = XP Debug|Win32
		{DA9CA0D6-B38B-4C26-B6B4-C999C09CB6BD}.XP Debug|Win32.Deploy.0 = XP Debug|Win32
		{DA9CA0D6-B38B-4C26-B6B4-C999C09CB6BD}.XP Debug|x64.ActiveCfg = XP Debug|x64
		{DA9CA0D6-B38B-4C26-B6B4-C999C09CB6BD}.XP Debug|x64.Build.0 = XP Debug|x64
		{DA9CA0D6-B38B-4C26-B6B4-C999C09CB6BD}.XP Debug|x64.Deploy.0 = XP Debug|x64
		{DA9CA0D6-B38B-4C26-B6B4-C999C09CB6BD}.XP Release|Win32.ActiveCfg = XP Release|Win32
		{DA9CA0D6-B38B-4C26-B6B4-C999C09CB6BD}.XP Release|Win32.Build.0 = XP Release|Win32
		{DA9CA0D6-B38B-4C26-B6B4-C999C09CB6BD}.XP Release|Win32.Deploy.0 = XP Release|Win32
		{DA9CA0D6-B38B-4C26-B6B4-C999C09CB6BD}.XP Release|x64.ActiveCfg = XP Release|x64
		{DA9CA0D6-B38B-4C26-B6B4-C999C09CB6BD}.XP Release|x64.Build.0 = XP Release|x64
		{DA9CA0D6-B38B-4C26-B6B4-C999C09CB6BD}.XP Release|x64.Deploy.0 = XP Release|x64
		{30450FDC-051A-46F0-AD53-B10622834C30}.Win7 Debug|Win32.ActiveCfg = Win7 Debug|Win32
		{30450FDC-051A-46F0-AD53-B10622834C30}.Win7 Debug|Win32.Build.0 = Win7 Debug|Win32
		{30450FDC-051A-46F0-AD53-B10622834C30}.Win7 Debug|x64.ActiveCfg = Win7 Debug|x64
		{30450FDC-051A-46F0-AD53-B10622834C30}.Win7 Debug|x64.Build.0 = Win7 Debug|x64
		{30450FDC-051A-46F0-AD53-B10622834C30}.Win7 Debug|x64.Deploy.0 = Win7 Debug|x64
		{30450FDC-051A-46F0-AD53-B10622834C30}.Win7 Release|Win32.ActiveCfg = Win7 Release|Win32
		{30450FDC-051A-46F0-AD53-B10622834C30}.Win7 Release|Win32.Build.0 = Win7 Release|Win32
		{30450FDC-051A-46F0-AD53-B10622834C30}.Win7 Release|x64.ActiveCfg = Win7 Release|x64
		{30450FDC-051A-46F0-AD53-B10622834C30}.Win7 Release|x64.Build.0 = Win7 Release|x64
		{30450FDC-051A-46F0-AD53-B10622834C30}.Win7 Release|x64.Deploy.0 = Win7 Release|x64
		{30450FDC-051A-46F0-AD53-B10622834C30}.Win8 Debug|Win32.ActiveCfg = Win8 Debug|Win32
		{30450FDC-051A-46F0-AD53-B10622834C30}.Win8 Debug|Win32.Build.0 = Win8 Debug|Win32
		{30450FDC-051A-46F0-AD53-B10622834C30}.Win8 Debug|x64.ActiveCfg = Win8 Debug|x64
		{30450FDC-051A-46F0-AD53-B10622834C30}.Win8 Debug|x64.Build.0 = Win8 Debug|x64
		{30450FDC-051A-46F0-AD53-B10622834C30}.Win8 Debug|x64.Deploy.0 = Win8 Debug|x64
		{30450FDC-051A-46F0-AD53-B10622834C30}.Win8 Release|Win32.ActiveCfg = Win8 Release|Win32
		{30450FDC-051A-46F0-AD53-B10622834C30}.Win8 Release|Win32.Build.0 = Win8 Release|Win32
		{30450FDC-051A-46F0-AD53-B10622834C30}.Win8 Release|x64.ActiveCfg = Win8 Release|x64
		{30450FDC-051A-46F0-AD53-B10622834C30}.Win8 Release|x64.Build.0 = Win8 Release|x64
		{30450FDC-051A-46F0-AD53-B10622834C30}.Win8 Release|x64.Deploy.0 = Win8 Release|x64
		{30450FDC-051A-46F0-AD53-B10622834C30}.Win8.1 Debug|Win32.ActiveCfg = Win8.1 Debug|Win32
		{30450FDC-051A-46F0-AD53-B10622834C30}.Win8.1 Debug|Win32.Build.0 = Win8.1 Debug|Win32
		{30450FDC-051A-46F0-AD53-B10622834C30}.Win8.1 Debug|x64.ActiveCfg = Win8.1 Debug|x64
		{30450FDC-051A-46F0-AD53-B10622834C30}.Win8.1 Debug|x64.Build.0 = Win8.1 Debug|x64
		{30450FDC-051A-46F0-AD53-B10622834C30}.Win8.1 Debug|x64.Deploy.0 = Win8.1 Debug|x64
		{30450FDC-051A-46F0-AD53-B10622834C30}.Win8.1 Release|Win32.ActiveCfg = Win8.1 Release|Win32
		{30450FDC-051A-46F0-AD53-B10622834C30}.Win8.1 Release|Win32.Build.0 = Win8.1 Release|Win32
		{30450FDC-051A-46F0-AD53-B10622834C30}.Win8.1 Release|x64.ActiveCfg = Win8.1 Release|x64
		{30450FDC-051A-46F0-AD53-B10622834C30}.Win8.1 Release|x64.Build.0 = Win8.1 Release|x64
		{30450FDC-051A-46F0-AD53-B10622834C30}.Win8.1 Release|x64.Deploy.0 = Win8.1 Release|x64
		{30450FDC-051A-46F0-AD53-B10622834C30}.XP Debug|Win32.ActiveCfg = XP Debug|Win32
		{30450FDC-051A-46F0-AD53-B10622834C30}.XP Debug|Win32.Build.0 = XP Debug|Win32
		{30450FDC-051A-46F0-AD53-B10622834C30}.XP Debug|Win32.Deploy.0 = XP Debug|Win32
		{30450FDC-051A-46F0-AD53-B10622834C30}.XP Debug|x64.ActiveCfg = XP Debug|x64
		{30450FDC-051A-46F0-AD53-B10622834C30}.XP Debug|x64.Build.0 = XP Debug|x64
		{30450FDC-051A-46F0-AD53-B10622834C30}.XP Debug|x64.Deploy.0 = XP Debug|x64
		{30450FDC-051A-46F0-AD53-B10622834C30}.XP Release|Win32.ActiveCfg = XP Release|Win32
		{30450FDC-051A-46F0-AD53-B10622834C30}.XP Release|Win32.Build.0 = XP Release|Win32
		{30450FDC-051A-46F0-AD53-B10622834C30}.XP Release|Win32.Deploy.0 = XP Release|Win32
		{30450FDC-051A-46F0-AD53-B10622834C30}.XP Release|x64.ActiveCfg = XP Release|x64
		{30450FDC-051A-46F0-AD53-B10622834C30}.XP Release|x64.Build.0 = XP Release|x64
		{30450FDC-051A-46F0-AD53-B10622834C30}.XP Release|x64.Deploy.0 = XP Release|x64
		{9141406D-BBAA-48E1-96D1-33D3294B247E}.Win7 Debug|Win32.ActiveCfg = Win7 Debug|Win32
		{9141406D-BBAA-48E1-96D1-33D3294B247E}.Win7 Debug|Win32.Build.0 = Win7 Debug|Win32
		{9141406D-BBAA-48E1-96D1-33D3294B247E}.Win7 Debug|x64.ActiveCfg = Win7 Debug|x64
		{9141406D-BBAA-48E1-96D1-33D3294B247E}.Win7 Debug|x64.Build.0 = Win7 Debug|x64
		{9141406D-BBAA-48E1-96D1-33D3294B247E}.Win7 Debug|x64.Deploy.0 = Win7 Debug|x64
		{9141406D-BBAA-48E1-96D1-33D3294B247E}.Win7 Release|Win32.ActiveCfg = Win7 Release|Win32
		{9141406D-BBAA-48E1-96D1-33D3294B247E}.Win7 Release|Win32.Build.0 = Win7 Release|Win32
		{9141406D-BBAA-48E1-96D1-33D3294B247E}.Win7 Release|x64.ActiveCfg = Win7 Release|x64
		{9141406D-BBAA-48E1-96D1-33D3294B247E}.Win7 Release|x64.Build.0 = Win7 Release|x64
		{9141406D-BBAA-48E1-96D1-33D3294B247E}.Win7 Release|x64.Deploy.0 = Win7 Release|x64
		{9141406D-BBAA-48E1-96D1-33D3294B247E}.Win8 Debug|Win32.ActiveCfg = Win8 Debug|Win32
		{9141406D-BBAA-48E1-96D1-33D3294B247E}.Win8 Debug|Win32.Build.0 = Win8 Debug|Win32
		{9141406D-BBAA-48E1-96D1-33D3294B247E}.Win8 Debug|x64.ActiveCfg = Win8 Debug|x64
		{9141406D-BBAA-48E1-96D1-33D3294B247E}.Win8 Debug|x64.Build.0 = Win8 Debug|x64
		{9141406D-BBAA-48E1-96D1-33D3294B247E}.Win8 Debug|x64.Deploy.0 = Win8 Debug|x64
		{9141406D-BBAA-48E1-96D1-33D3294B247E}.Win8 Release|Win32.ActiveCfg = Win8 Release|Win32
		{9141406D-BBAA-48E1-96D1-33D3294B247E}.Win8 Release|Win32.Build.0 = Win8 Release|Win32
		{9141406D-BBAA-48E1-96D1-33D3294B247E}.Win8 Release|x64.ActiveCfg = Win8 Release|x64
		{9141406D-BBAA-48E1-96D1-33D3294B247E}.Win8 Release|x64.Build.0 = Win8 Release|x64
		{9141406D-BBAA-48E1-96D1-33D3294B247E}.Win8 Release|x64.Deploy.0 = Win8 Release|x64
		{9141406D-BBAA-48E1-96D1-33D3294B247E}.Win8.1 Debug|Win32.ActiveCfg = Win8.1 Debug|Win32
		{9141406D-BBAA-48E1-96D1-33D3294B247E}.Win8.1 Debug|Win32.Build.0 = Win8.1 Debug|Win32
		{9141406D-BBAA-48E1-96D1-33D3294B247E}.Win8.1 Debug|x64.ActiveCfg = Win8.1 Debug|x64
		{9141406D-BBAA-48E1-96D1-33D3294B247E}.Win8.1 Debug|x64.Build.0 = Win8.1 Debug|x64
		{9141406D-BBAA-48E1-96D1-33D3294B247E}.Win8.1 Debug|x64.Deploy.0 = Win8.1 Debug|x64
		{9141406D-BBAA-48E1-96D1-33D3294B247E}.Win8.1 Release|Win32.ActiveCfg = Win8.1 Release|Win32
		{9141406D-BBAA-48E1-96D1-33D3294B247E}.Win8.1 Release|Win32.Build.0 = Win8.1 Release|Win32
		{9141406D-BBAA-48E1-96D1-33D3294B247E}.Win8.1 Release|x64.ActiveCfg = Win8.1 Release|x64
		{9141406D-BBAA-48E1-96D1-33D3294B247E}.Win8.1 Release|x64.Build.0 = Win8.1 Release|x64
		{9141406D-BBAA-48E1-96D1-33D3294B247E}.Win8.1 Release|x64.Deploy.0 = Win8.1 Release|x64
		{9141406D-BBAA-48E1-96D1-33D3294B247E}.XP Debug|Win32.ActiveCfg = XP Debug|Win32
		{9141406D-BBAA-48E1-96D1-33D3294B247E}.XP Debug|Win32.Build.0 = XP Debug|Win32
		{9141406D-BBAA-48E1-96D1-33D3294B247E}.XP Debug|Win32.Deploy.0 = XP Debug|Win32
		{9141406D-BBAA-48E1-96D1-33D3294B247E}.XP Debug|x64.ActiveCfg = XP Debug|x64
		{9141406D-BBAA-48E1-96D1-33D3294B247E}.XP Debug|x64.Build.0 = XP Debug|x64
		{9141406D-BBAA-48E1-96D1-33D3294B247E}.XP Debug|x64.Deploy.0 = XP Debug|x64
		{9141406D-BBAA-48E1-96D1-33D3294B247E}.XP Release|Win32.ActiveCfg = XP Release|Win32
		{9141406D-BBAA-48E1-96D1-33D3294B247E}.XP Release|Win32.Build.0 = XP Release|Win32
		{9141406D-BBAA-48E1-96D1-33D3294B247E}.XP Release|Win32.Deploy.0 = XP Release|Win32
		{9141406D-BBAA-48E1-96D1-33D3294B247E}.XP Release|x64.ActiveCfg = XP Release|x64
		{9141406D-BBAA-48E1-96D1-33D3294B247E}.XP Release|x64.Build.0 = XP Release|x64
		{9141406D-BBAA-48E1-96D1-33D3294B247E}.XP Release|x64.Deploy.0 = XP Release|x64
	EndGlobalSection
	GlobalSection(SolutionProperties) = preSolution
		HideSolutionNode = FALSE
	EndGlobalSection
EndGlobal
